
Microsoft Visual Studio Solution File, Format Version 12.00
# Visual Studio 14
VisualStudioVersion = 14.0.23107.0
MinimumVisualStudioVersion = 10.0.40219.1
Project("{FAE04EC0-301F-11D3-BF4B-00C04F79EFBC}") = "Aufgabe3_Markus_Hofer", "Aufgabe3_Markus_Hofer\Aufgabe3_Markus_Hofer.csproj", "{65CC88B5-E4DE-4273-AC16-E53B88A993DB}"
EndProject
Project("{FAE04EC0-301F-11D3-BF4B-00C04F79EFBC}") = "PrimeGenerator", "PrimeGenerator\PrimeGenerator.csproj", "{60601145-CE64-4963-AAF6-B49281197DCE}"
EndProject
Global
	GlobalSection(SolutionConfigurationPlatforms) = preSolution
		Debug|Any CPU = Debug|Any CPU
		Release|Any CPU = Release|Any CPU
	EndGlobalSection
	GlobalSection(ProjectConfigurationPlatforms) = postSolution
		{65CC88B5-E4DE-4273-AC16-E53B88A993DB}.Debug|Any CPU.ActiveCfg = Debug|Any CPU
		{65CC88B5-E4DE-4273-AC16-E53B88A993DB}.Debug|Any CPU.Build.0 = Debug|Any CPU
		{65CC88B5-E4DE-4273-AC16-E53B88A993DB}.Release|Any CPU.ActiveCfg = Release|Any CPU
		{65CC88B5-E4DE-4273-AC16-E53B88A993DB}.Release|Any CPU.Build.0 = Release|Any CPU
		{60601145-CE64-4963-AAF6-B49281197DCE}.Debug|Any CPU.ActiveCfg = Debug|Any CPU
		{60601145-CE64-4963-AAF6-B49281197DCE}.Debug|Any CPU.Build.0 = Debug|Any CPU
		{60601145-CE64-4963-AAF6-B49281197DCE}.Release|Any CPU.ActiveCfg = Release|Any CPU
		{60601145-CE64-4963-AAF6-B49281197DCE}.Release|Any CPU.Build.0 = Release|Any CPU
	EndGlobalSection
	GlobalSection(SolutionProperties) = preSolution
		HideSolutionNode = FALSE
	EndGlobalSection
EndGlobal
